
Microsoft Visual Studio Solution File, Format Version 12.00
# Visual Studio Version 17
VisualStudioVersion = 17.0.31903.59
MinimumVisualStudioVersion = 10.0.40219.1
Project("{2150E333-8FDC-42A3-9474-1A3956D46DE8}") = "src", "src", "{827E0CD3-B72D-47B6-A68D-7590B98EB39B}"
EndProject
Project("{FAE04EC0-301F-11D3-BF4B-00C04F79EFBC}") = "Web.Api", "src\Web.Api\Web.Api.csproj", "{3DEBAEEE-4054-46BF-8FE8-6717CE8B0ECD}"
EndProject
Project("{FAE04EC0-301F-11D3-BF4B-00C04F79EFBC}") = "SharedKernel", "src\SharedKernel\SharedKernel.csproj", "{979256A7-9718-41A5-88EE-849816E7EA66}"
EndProject
Project("{FAE04EC0-301F-11D3-BF4B-00C04F79EFBC}") = "Domain", "src\Domain\Domain.csproj", "{0351FF8D-28A6-4E9C-83B8-1348A0A8302C}"
EndProject
Project("{FAE04EC0-301F-11D3-BF4B-00C04F79EFBC}") = "Application", "src\Application\Application.csproj", "{134EEF60-2B76-4512-9968-73C696983002}"
EndProject
Project("{FAE04EC0-301F-11D3-BF4B-00C04F79EFBC}") = "Infrastructure", "src\Infrastructure\Infrastructure.csproj", "{D2288E19-28F5-499A-A90D-4F04C45DF99D}"
EndProject
Global
	GlobalSection(SolutionConfigurationPlatforms) = preSolution
		Debug|Any CPU = Debug|Any CPU
		Debug|x64 = Debug|x64
		Debug|x86 = Debug|x86
		Release|Any CPU = Release|Any CPU
		Release|x64 = Release|x64
		Release|x86 = Release|x86
	EndGlobalSection
	GlobalSection(ProjectConfigurationPlatforms) = postSolution
		{3DEBAEEE-4054-46BF-8FE8-6717CE8B0ECD}.Debug|Any CPU.ActiveCfg = Debug|Any CPU
		{3DEBAEEE-4054-46BF-8FE8-6717CE8B0ECD}.Debug|Any CPU.Build.0 = Debug|Any CPU
		{3DEBAEEE-4054-46BF-8FE8-6717CE8B0ECD}.Debug|x64.ActiveCfg = Debug|Any CPU
		{3DEBAEEE-4054-46BF-8FE8-6717CE8B0ECD}.Debug|x64.Build.0 = Debug|Any CPU
		{3DEBAEEE-4054-46BF-8FE8-6717CE8B0ECD}.Debug|x86.ActiveCfg = Debug|Any CPU
		{3DEBAEEE-4054-46BF-8FE8-6717CE8B0ECD}.Debug|x86.Build.0 = Debug|Any CPU
		{3DEBAEEE-4054-46BF-8FE8-6717CE8B0ECD}.Release|Any CPU.ActiveCfg = Release|Any CPU
		{3DEBAEEE-4054-46BF-8FE8-6717CE8B0ECD}.Release|Any CPU.Build.0 = Release|Any CPU
		{3DEBAEEE-4054-46BF-8FE8-6717CE8B0ECD}.Release|x64.ActiveCfg = Release|Any CPU
		{3DEBAEEE-4054-46BF-8FE8-6717CE8B0ECD}.Release|x64.Build.0 = Release|Any CPU
		{3DEBAEEE-4054-46BF-8FE8-6717CE8B0ECD}.Release|x86.ActiveCfg = Release|Any CPU
		{3DEBAEEE-4054-46BF-8FE8-6717CE8B0ECD}.Release|x86.Build.0 = Release|Any CPU
		{979256A7-9718-41A5-88EE-849816E7EA66}.Debug|Any CPU.ActiveCfg = Debug|Any CPU
		{979256A7-9718-41A5-88EE-849816E7EA66}.Debug|Any CPU.Build.0 = Debug|Any CPU
		{979256A7-9718-41A5-88EE-849816E7EA66}.Debug|x64.ActiveCfg = Debug|Any CPU
		{979256A7-9718-41A5-88EE-849816E7EA66}.Debug|x64.Build.0 = Debug|Any CPU
		{979256A7-9718-41A5-88EE-849816E7EA66}.Debug|x86.ActiveCfg = Debug|Any CPU
		{979256A7-9718-41A5-88EE-849816E7EA66}.Debug|x86.Build.0 = Debug|Any CPU
		{979256A7-9718-41A5-88EE-849816E7EA66}.Release|Any CPU.ActiveCfg = Release|Any CPU
		{979256A7-9718-41A5-88EE-849816E7EA66}.Release|Any CPU.Build.0 = Release|Any CPU
		{979256A7-9718-41A5-88EE-849816E7EA66}.Release|x64.ActiveCfg = Release|Any CPU
		{979256A7-9718-41A5-88EE-849816E7EA66}.Release|x64.Build.0 = Release|Any CPU
		{979256A7-9718-41A5-88EE-849816E7EA66}.Release|x86.ActiveCfg = Release|Any CPU
		{979256A7-9718-41A5-88EE-849816E7EA66}.Release|x86.Build.0 = Release|Any CPU
		{0351FF8D-28A6-4E9C-83B8-1348A0A8302C}.Debug|Any CPU.ActiveCfg = Debug|Any CPU
		{0351FF8D-28A6-4E9C-83B8-1348A0A8302C}.Debug|Any CPU.Build.0 = Debug|Any CPU
		{0351FF8D-28A6-4E9C-83B8-1348A0A8302C}.Debug|x64.ActiveCfg = Debug|Any CPU
		{0351FF8D-28A6-4E9C-83B8-1348A0A8302C}.Debug|x64.Build.0 = Debug|Any CPU
		{0351FF8D-28A6-4E9C-83B8-1348A0A8302C}.Debug|x86.ActiveCfg = Debug|Any CPU
		{0351FF8D-28A6-4E9C-83B8-1348A0A8302C}.Debug|x86.Build.0 = Debug|Any CPU
		{0351FF8D-28A6-4E9C-83B8-1348A0A8302C}.Release|Any CPU.ActiveCfg = Release|Any CPU
		{0351FF8D-28A6-4E9C-83B8-1348A0A8302C}.Release|Any CPU.Build.0 = Release|Any CPU
		{0351FF8D-28A6-4E9C-83B8-1348A0A8302C}.Release|x64.ActiveCfg = Release|Any CPU
		{0351FF8D-28A6-4E9C-83B8-1348A0A8302C}.Release|x64.Build.0 = Release|Any CPU
		{0351FF8D-28A6-4E9C-83B8-1348A0A8302C}.Release|x86.ActiveCfg = Release|Any CPU
		{0351FF8D-28A6-4E9C-83B8-1348A0A8302C}.Release|x86.Build.0 = Release|Any CPU
		{134EEF60-2B76-4512-9968-73C696983002}.Debug|Any CPU.ActiveCfg = Debug|Any CPU
		{134EEF60-2B76-4512-9968-73C696983002}.Debug|Any CPU.Build.0 = Debug|Any CPU
		{134EEF60-2B76-4512-9968-73C696983002}.Debug|x64.ActiveCfg = Debug|Any CPU
		{134EEF60-2B76-4512-9968-73C696983002}.Debug|x64.Build.0 = Debug|Any CPU
		{134EEF60-2B76-4512-9968-73C696983002}.Debug|x86.ActiveCfg = Debug|Any CPU
		{134EEF60-2B76-4512-9968-73C696983002}.Debug|x86.Build.0 = Debug|Any CPU
		{134EEF60-2B76-4512-9968-73C696983002}.Release|Any CPU.ActiveCfg = Release|Any CPU
		{134EEF60-2B76-4512-9968-73C696983002}.Release|Any CPU.Build.0 = Release|Any CPU
		{134EEF60-2B76-4512-9968-73C696983002}.Release|x64.ActiveCfg = Release|Any CPU
		{134EEF60-2B76-4512-9968-73C696983002}.Release|x64.Build.0 = Release|Any CPU
		{134EEF60-2B76-4512-9968-73C696983002}.Release|x86.ActiveCfg = Release|Any CPU
		{134EEF60-2B76-4512-9968-73C696983002}.Release|x86.Build.0 = Release|Any CPU
		{D2288E19-28F5-499A-A90D-4F04C45DF99D}.Debug|Any CPU.ActiveCfg = Debug|Any CPU
		{D2288E19-28F5-499A-A90D-4F04C45DF99D}.Debug|Any CPU.Build.0 = Debug|Any CPU
		{D2288E19-28F5-499A-A90D-4F04C45DF99D}.Debug|x64.ActiveCfg = Debug|Any CPU
		{D2288E19-28F5-499A-A90D-4F04C45DF99D}.Debug|x64.Build.0 = Debug|Any CPU
		{D2288E19-28F5-499A-A90D-4F04C45DF99D}.Debug|x86.ActiveCfg = Debug|Any CPU
		{D2288E19-28F5-499A-A90D-4F04C45DF99D}.Debug|x86.Build.0 = Debug|Any CPU
		{D2288E19-28F5-499A-A90D-4F04C45DF99D}.Release|Any CPU.ActiveCfg = Release|Any CPU
		{D2288E19-28F5-499A-A90D-4F04C45DF99D}.Release|Any CPU.Build.0 = Release|Any CPU
		{D2288E19-28F5-499A-A90D-4F04C45DF99D}.Release|x64.ActiveCfg = Release|Any CPU
		{D2288E19-28F5-499A-A90D-4F04C45DF99D}.Release|x64.Build.0 = Release|Any CPU
		{D2288E19-28F5-499A-A90D-4F04C45DF99D}.Release|x86.ActiveCfg = Release|Any CPU
		{D2288E19-28F5-499A-A90D-4F04C45DF99D}.Release|x86.Build.0 = Release|Any CPU
	EndGlobalSection
	GlobalSection(SolutionProperties) = preSolution
		HideSolutionNode = FALSE
	EndGlobalSection
	GlobalSection(NestedProjects) = preSolution
		{3DEBAEEE-4054-46BF-8FE8-6717CE8B0ECD} = {827E0CD3-B72D-47B6-A68D-7590B98EB39B}
		{979256A7-9718-41A5-88EE-849816E7EA66} = {827E0CD3-B72D-47B6-A68D-7590B98EB39B}
		{0351FF8D-28A6-4E9C-83B8-1348A0A8302C} = {827E0CD3-B72D-47B6-A68D-7590B98EB39B}
		{134EEF60-2B76-4512-9968-73C696983002} = {827E0CD3-B72D-47B6-A68D-7590B98EB39B}
		{D2288E19-28F5-499A-A90D-4F04C45DF99D} = {827E0CD3-B72D-47B6-A68D-7590B98EB39B}
	EndGlobalSection
EndGlobal
