
Microsoft Visual Studio Solution File, Format Version 12.00
# Visual Studio Version 17
VisualStudioVersion = 17.0.31903.59
MinimumVisualStudioVersion = 10.0.40219.1
Project("{2150E333-8FDC-42A3-9474-1A3956D46DE8}") = "src", "src", "{827E0CD3-B72D-47B6-A68D-7590B98EB39B}"
EndProject
Project("{2150E333-8FDC-42A3-9474-1A3956D46DE8}") = "Common", "Common", "{BFF2DF6E-AA54-47C7-211F-79ACCBB4577C}"
EndProject
Project("{FAE04EC0-301F-11D3-BF4B-00C04F79EFBC}") = "Common.Domain", "src\Common\Common.Domain\Common.Domain.csproj", "{2194D694-F514-4E76-9861-907EA5C18BCA}"
EndProject
Project("{FAE04EC0-301F-11D3-BF4B-00C04F79EFBC}") = "Common.Application", "src\Common\Common.Application\Common.Application.csproj", "{2CF46396-562B-4D94-A5DB-F106C37B1BCE}"
EndProject
Project("{FAE04EC0-301F-11D3-BF4B-00C04F79EFBC}") = "Common.Infrastructure", "src\Common\Common.Infrastructure\Common.Infrastructure.csproj", "{FD281843-9D9A-444C-9224-E4CF558E7C5A}"
EndProject
Project("{2150E333-8FDC-42A3-9474-1A3956D46DE8}") = "Modules", "Modules", "{EC447DCF-ABFA-6E24-52A5-D7FD48A5C558}"
EndProject
Project("{2150E333-8FDC-42A3-9474-1A3956D46DE8}") = "Tenants", "Tenants", "{F76A4D96-877B-5F50-AF00-5E9467FFFDF0}"
EndProject
Project("{FAE04EC0-301F-11D3-BF4B-00C04F79EFBC}") = "Tenants.Domain", "src\Modules\Tenants\Tenants.Domain\Tenants.Domain.csproj", "{5A210B6D-BE8F-4914-A446-DAC3A84A5D80}"
EndProject
Project("{FAE04EC0-301F-11D3-BF4B-00C04F79EFBC}") = "Tenants.Application", "src\Modules\Tenants\Tenants.Application\Tenants.Application.csproj", "{8DE68E8B-8145-48C5-B9E0-B8FE00F8A2AD}"
EndProject
Project("{FAE04EC0-301F-11D3-BF4B-00C04F79EFBC}") = "Tenants.Infrastructure", "src\Modules\Tenants\Tenants.Infrastructure\Tenants.Infrastructure.csproj", "{BF35B6CD-356D-451E-851D-AE6B95A02420}"
EndProject
Project("{FAE04EC0-301F-11D3-BF4B-00C04F79EFBC}") = "Tenants.Api", "src\Modules\Tenants\Tenants.Api\Tenants.Api.csproj", "{CF28889A-DCE7-42AA-B59D-07B280902B08}"
EndProject
Project("{FAE04EC0-301F-11D3-BF4B-00C04F79EFBC}") = "Tenants.Events", "src\Modules\Tenants\Tenants.Events\Tenants.Events.csproj", "{7A83C846-B5BB-4BA2-A862-FE3EA468CE22}"
EndProject
Project("{2150E333-8FDC-42A3-9474-1A3956D46DE8}") = "Users", "Users", "{A26F344D-182E-CE53-AD51-2154946AC6F3}"
EndProject
Project("{FAE04EC0-301F-11D3-BF4B-00C04F79EFBC}") = "Users.Domain", "src\Modules\Users\Users.Domain\Users.Domain.csproj", "{CE674740-F4E1-4674-946C-70112A69DAC3}"
EndProject
Project("{FAE04EC0-301F-11D3-BF4B-00C04F79EFBC}") = "Users.Application", "src\Modules\Users\Users.Application\Users.Application.csproj", "{77BBD53A-0864-4ACC-AD3C-BC4D4DC9CC21}"
EndProject
Project("{FAE04EC0-301F-11D3-BF4B-00C04F79EFBC}") = "Users.Infrastructure", "src\Modules\Users\Users.Infrastructure\Users.Infrastructure.csproj", "{DE77B2AC-B896-461C-8F41-E8EC950F1489}"
EndProject
Project("{FAE04EC0-301F-11D3-BF4B-00C04F79EFBC}") = "Users.Api", "src\Modules\Users\Users.Api\Users.Api.csproj", "{73DEAC7A-BDFD-45C3-A739-DBFE195954B8}"
EndProject
Project("{FAE04EC0-301F-11D3-BF4B-00C04F79EFBC}") = "Users.Events", "src\Modules\Users\Users.Events\Users.Events.csproj", "{E29BCED5-CD01-470A-A07C-4D2E1D280A58}"
EndProject
Project("{2150E333-8FDC-42A3-9474-1A3956D46DE8}") = "Identity", "Identity", "{0EC62A1A-9858-3A60-8A0C-FC9AACFA2EC7}"
EndProject
Project("{FAE04EC0-301F-11D3-BF4B-00C04F79EFBC}") = "Identity.Domain", "src\Modules\Identity\Identity.Domain\Identity.Domain.csproj", "{B6CB45CE-541E-4E02-9BBC-2862F6AECB6F}"
EndProject
Project("{FAE04EC0-301F-11D3-BF4B-00C04F79EFBC}") = "Identity.Application", "src\Modules\Identity\Identity.Application\Identity.Application.csproj", "{3E80B815-1EC4-4FDA-8F8E-85B61A97DC76}"
EndProject
Project("{FAE04EC0-301F-11D3-BF4B-00C04F79EFBC}") = "Identity.Infrastructure", "src\Modules\Identity\Identity.Infrastructure\Identity.Infrastructure.csproj", "{A13487E4-F0B4-474E-9171-A26FE9ECF2CB}"
EndProject
Project("{FAE04EC0-301F-11D3-BF4B-00C04F79EFBC}") = "Identity.Api", "src\Modules\Identity\Identity.Api\Identity.Api.csproj", "{FBDD1C0F-03ED-4A4B-83D4-EAE0C8BB9CC3}"
EndProject
Project("{2150E333-8FDC-42A3-9474-1A3956D46DE8}") = "Projects", "Projects", "{DEF05D85-86F1-393F-22F4-9251153583D2}"
EndProject
Project("{FAE04EC0-301F-11D3-BF4B-00C04F79EFBC}") = "Projects.Domain", "src\Modules\Projects\Projects.Domain\Projects.Domain.csproj", "{817E1BCC-00DF-4F61-8F57-BA93D7C76E28}"
EndProject
Project("{FAE04EC0-301F-11D3-BF4B-00C04F79EFBC}") = "Projects.Application", "src\Modules\Projects\Projects.Application\Projects.Application.csproj", "{F1B0B9FE-1B98-4F22-A2A1-0066DCD19226}"
EndProject
Project("{FAE04EC0-301F-11D3-BF4B-00C04F79EFBC}") = "Projects.Infrastructure", "src\Modules\Projects\Projects.Infrastructure\Projects.Infrastructure.csproj", "{85B6860E-D8C9-4CA0-A2B0-A1A1946D3E5F}"
EndProject
Project("{FAE04EC0-301F-11D3-BF4B-00C04F79EFBC}") = "Projects.Api", "src\Modules\Projects\Projects.Api\Projects.Api.csproj", "{C22C0629-8798-42CB-B1CA-8D1B249C8D0B}"
EndProject
Project("{FAE04EC0-301F-11D3-BF4B-00C04F79EFBC}") = "Projects.Events", "src\Modules\Projects\Projects.Events\Projects.Events.csproj", "{146FCB44-BFD3-4455-ACA7-AFFE5E1FB0DD}"
EndProject
Project("{2150E333-8FDC-42A3-9474-1A3956D46DE8}") = "Tasks", "Tasks", "{4C6BDAE4-8D09-3162-71E4-914813D2EA71}"
EndProject
Project("{FAE04EC0-301F-11D3-BF4B-00C04F79EFBC}") = "Tasks.Domain", "src\Modules\Tasks\Tasks.Domain\Tasks.Domain.csproj", "{CD3DC04A-906E-4B07-BF43-4A76E602F651}"
EndProject
Project("{FAE04EC0-301F-11D3-BF4B-00C04F79EFBC}") = "Tasks.Application", "src\Modules\Tasks\Tasks.Application\Tasks.Application.csproj", "{0EFD9F70-A918-4172-988C-E271EF9B2143}"
EndProject
Project("{FAE04EC0-301F-11D3-BF4B-00C04F79EFBC}") = "Tasks.Infrastructure", "src\Modules\Tasks\Tasks.Infrastructure\Tasks.Infrastructure.csproj", "{F62504E8-373D-41BC-9DF9-F821423C6848}"
EndProject
Project("{FAE04EC0-301F-11D3-BF4B-00C04F79EFBC}") = "Tasks.Api", "src\Modules\Tasks\Tasks.Api\Tasks.Api.csproj", "{E0EDCD34-758D-40C0-A8B8-2EA979537C2F}"
EndProject
Project("{FAE04EC0-301F-11D3-BF4B-00C04F79EFBC}") = "Tasks.Events", "src\Modules\Tasks\Tasks.Events\Tasks.Events.csproj", "{3222A589-9614-4801-9F95-5BE1D4DDDADB}"
EndProject
Project("{2150E333-8FDC-42A3-9474-1A3956D46DE8}") = "AccessPermissions", "AccessPermissions", "{6607913A-AF51-F8F1-62A6-223B28A39963}"
EndProject
Project("{FAE04EC0-301F-11D3-BF4B-00C04F79EFBC}") = "AccessPermissions.Domain", "src\Modules\AccessPermissions\AccessPermissions.Domain\AccessPermissions.Domain.csproj", "{D16C40EC-E126-4B45-AD85-9356456A1832}"
EndProject
Project("{FAE04EC0-301F-11D3-BF4B-00C04F79EFBC}") = "AccessPermissions.Application", "src\Modules\AccessPermissions\AccessPermissions.Application\AccessPermissions.Application.csproj", "{2C49B08A-F030-4107-B5E6-B2753D43EA2F}"
EndProject
Project("{FAE04EC0-301F-11D3-BF4B-00C04F79EFBC}") = "AccessPermissions.Infrastructure", "src\Modules\AccessPermissions\AccessPermissions.Infrastructure\AccessPermissions.Infrastructure.csproj", "{FFB18029-9C86-43BD-BF6F-1FA623629E77}"
EndProject
Project("{FAE04EC0-301F-11D3-BF4B-00C04F79EFBC}") = "AccessPermissions.Api", "src\Modules\AccessPermissions\AccessPermissions.Api\AccessPermissions.Api.csproj", "{863D9995-A08B-4162-842A-B5984FCF685F}"
EndProject
Project("{FAE04EC0-301F-11D3-BF4B-00C04F79EFBC}") = "AccessPermissions.Events", "src\Modules\AccessPermissions\AccessPermissions.Events\AccessPermissions.Events.csproj", "{B03AB3E7-9680-4EA6-898C-085C6AE099C9}"
EndProject
Project("{2150E333-8FDC-42A3-9474-1A3956D46DE8}") = "Gateway", "Gateway", "{6306A8FB-679E-111F-6585-8F70E0EE6013}"
EndProject
Project("{FAE04EC0-301F-11D3-BF4B-00C04F79EFBC}") = "Gateway.Api", "src\Gateway\Gateway.Api\Gateway.Api.csproj", "{4A907124-02F7-46BE-99A1-8DFB5486A8CE}"
EndProject
Global
	GlobalSection(SolutionConfigurationPlatforms) = preSolution
		Debug|Any CPU = Debug|Any CPU
		Debug|x64 = Debug|x64
		Debug|x86 = Debug|x86
		Release|Any CPU = Release|Any CPU
		Release|x64 = Release|x64
		Release|x86 = Release|x86
	EndGlobalSection
	GlobalSection(ProjectConfigurationPlatforms) = postSolution
		{2194D694-F514-4E76-9861-907EA5C18BCA}.Debug|Any CPU.ActiveCfg = Debug|Any CPU
		{2194D694-F514-4E76-9861-907EA5C18BCA}.Debug|Any CPU.Build.0 = Debug|Any CPU
		{2194D694-F514-4E76-9861-907EA5C18BCA}.Debug|x64.ActiveCfg = Debug|Any CPU
		{2194D694-F514-4E76-9861-907EA5C18BCA}.Debug|x64.Build.0 = Debug|Any CPU
		{2194D694-F514-4E76-9861-907EA5C18BCA}.Debug|x86.ActiveCfg = Debug|Any CPU
		{2194D694-F514-4E76-9861-907EA5C18BCA}.Debug|x86.Build.0 = Debug|Any CPU
		{2194D694-F514-4E76-9861-907EA5C18BCA}.Release|Any CPU.ActiveCfg = Release|Any CPU
		{2194D694-F514-4E76-9861-907EA5C18BCA}.Release|Any CPU.Build.0 = Release|Any CPU
		{2194D694-F514-4E76-9861-907EA5C18BCA}.Release|x64.ActiveCfg = Release|Any CPU
		{2194D694-F514-4E76-9861-907EA5C18BCA}.Release|x64.Build.0 = Release|Any CPU
		{2194D694-F514-4E76-9861-907EA5C18BCA}.Release|x86.ActiveCfg = Release|Any CPU
		{2194D694-F514-4E76-9861-907EA5C18BCA}.Release|x86.Build.0 = Release|Any CPU
		{2CF46396-562B-4D94-A5DB-F106C37B1BCE}.Debug|Any CPU.ActiveCfg = Debug|Any CPU
		{2CF46396-562B-4D94-A5DB-F106C37B1BCE}.Debug|Any CPU.Build.0 = Debug|Any CPU
		{2CF46396-562B-4D94-A5DB-F106C37B1BCE}.Debug|x64.ActiveCfg = Debug|Any CPU
		{2CF46396-562B-4D94-A5DB-F106C37B1BCE}.Debug|x64.Build.0 = Debug|Any CPU
		{2CF46396-562B-4D94-A5DB-F106C37B1BCE}.Debug|x86.ActiveCfg = Debug|Any CPU
		{2CF46396-562B-4D94-A5DB-F106C37B1BCE}.Debug|x86.Build.0 = Debug|Any CPU
		{2CF46396-562B-4D94-A5DB-F106C37B1BCE}.Release|Any CPU.ActiveCfg = Release|Any CPU
		{2CF46396-562B-4D94-A5DB-F106C37B1BCE}.Release|Any CPU.Build.0 = Release|Any CPU
		{2CF46396-562B-4D94-A5DB-F106C37B1BCE}.Release|x64.ActiveCfg = Release|Any CPU
		{2CF46396-562B-4D94-A5DB-F106C37B1BCE}.Release|x64.Build.0 = Release|Any CPU
		{2CF46396-562B-4D94-A5DB-F106C37B1BCE}.Release|x86.ActiveCfg = Release|Any CPU
		{2CF46396-562B-4D94-A5DB-F106C37B1BCE}.Release|x86.Build.0 = Release|Any CPU
		{FD281843-9D9A-444C-9224-E4CF558E7C5A}.Debug|Any CPU.ActiveCfg = Debug|Any CPU
		{FD281843-9D9A-444C-9224-E4CF558E7C5A}.Debug|Any CPU.Build.0 = Debug|Any CPU
		{FD281843-9D9A-444C-9224-E4CF558E7C5A}.Debug|x64.ActiveCfg = Debug|Any CPU
		{FD281843-9D9A-444C-9224-E4CF558E7C5A}.Debug|x64.Build.0 = Debug|Any CPU
		{FD281843-9D9A-444C-9224-E4CF558E7C5A}.Debug|x86.ActiveCfg = Debug|Any CPU
		{FD281843-9D9A-444C-9224-E4CF558E7C5A}.Debug|x86.Build.0 = Debug|Any CPU
		{FD281843-9D9A-444C-9224-E4CF558E7C5A}.Release|Any CPU.ActiveCfg = Release|Any CPU
		{FD281843-9D9A-444C-9224-E4CF558E7C5A}.Release|Any CPU.Build.0 = Release|Any CPU
		{FD281843-9D9A-444C-9224-E4CF558E7C5A}.Release|x64.ActiveCfg = Release|Any CPU
		{FD281843-9D9A-444C-9224-E4CF558E7C5A}.Release|x64.Build.0 = Release|Any CPU
		{FD281843-9D9A-444C-9224-E4CF558E7C5A}.Release|x86.ActiveCfg = Release|Any CPU
		{FD281843-9D9A-444C-9224-E4CF558E7C5A}.Release|x86.Build.0 = Release|Any CPU
		{5A210B6D-BE8F-4914-A446-DAC3A84A5D80}.Debug|Any CPU.ActiveCfg = Debug|Any CPU
		{5A210B6D-BE8F-4914-A446-DAC3A84A5D80}.Debug|Any CPU.Build.0 = Debug|Any CPU
		{5A210B6D-BE8F-4914-A446-DAC3A84A5D80}.Debug|x64.ActiveCfg = Debug|Any CPU
		{5A210B6D-BE8F-4914-A446-DAC3A84A5D80}.Debug|x64.Build.0 = Debug|Any CPU
		{5A210B6D-BE8F-4914-A446-DAC3A84A5D80}.Debug|x86.ActiveCfg = Debug|Any CPU
		{5A210B6D-BE8F-4914-A446-DAC3A84A5D80}.Debug|x86.Build.0 = Debug|Any CPU
		{5A210B6D-BE8F-4914-A446-DAC3A84A5D80}.Release|Any CPU.ActiveCfg = Release|Any CPU
		{5A210B6D-BE8F-4914-A446-DAC3A84A5D80}.Release|Any CPU.Build.0 = Release|Any CPU
		{5A210B6D-BE8F-4914-A446-DAC3A84A5D80}.Release|x64.ActiveCfg = Release|Any CPU
		{5A210B6D-BE8F-4914-A446-DAC3A84A5D80}.Release|x64.Build.0 = Release|Any CPU
		{5A210B6D-BE8F-4914-A446-DAC3A84A5D80}.Release|x86.ActiveCfg = Release|Any CPU
		{5A210B6D-BE8F-4914-A446-DAC3A84A5D80}.Release|x86.Build.0 = Release|Any CPU
		{8DE68E8B-8145-48C5-B9E0-B8FE00F8A2AD}.Debug|Any CPU.ActiveCfg = Debug|Any CPU
		{8DE68E8B-8145-48C5-B9E0-B8FE00F8A2AD}.Debug|Any CPU.Build.0 = Debug|Any CPU
		{8DE68E8B-8145-48C5-B9E0-B8FE00F8A2AD}.Debug|x64.ActiveCfg = Debug|Any CPU
		{8DE68E8B-8145-48C5-B9E0-B8FE00F8A2AD}.Debug|x64.Build.0 = Debug|Any CPU
		{8DE68E8B-8145-48C5-B9E0-B8FE00F8A2AD}.Debug|x86.ActiveCfg = Debug|Any CPU
		{8DE68E8B-8145-48C5-B9E0-B8FE00F8A2AD}.Debug|x86.Build.0 = Debug|Any CPU
		{8DE68E8B-8145-48C5-B9E0-B8FE00F8A2AD}.Release|Any CPU.ActiveCfg = Release|Any CPU
		{8DE68E8B-8145-48C5-B9E0-B8FE00F8A2AD}.Release|Any CPU.Build.0 = Release|Any CPU
		{8DE68E8B-8145-48C5-B9E0-B8FE00F8A2AD}.Release|x64.ActiveCfg = Release|Any CPU
		{8DE68E8B-8145-48C5-B9E0-B8FE00F8A2AD}.Release|x64.Build.0 = Release|Any CPU
		{8DE68E8B-8145-48C5-B9E0-B8FE00F8A2AD}.Release|x86.ActiveCfg = Release|Any CPU
		{8DE68E8B-8145-48C5-B9E0-B8FE00F8A2AD}.Release|x86.Build.0 = Release|Any CPU
		{BF35B6CD-356D-451E-851D-AE6B95A02420}.Debug|Any CPU.ActiveCfg = Debug|Any CPU
		{BF35B6CD-356D-451E-851D-AE6B95A02420}.Debug|Any CPU.Build.0 = Debug|Any CPU
		{BF35B6CD-356D-451E-851D-AE6B95A02420}.Debug|x64.ActiveCfg = Debug|Any CPU
		{BF35B6CD-356D-451E-851D-AE6B95A02420}.Debug|x64.Build.0 = Debug|Any CPU
		{BF35B6CD-356D-451E-851D-AE6B95A02420}.Debug|x86.ActiveCfg = Debug|Any CPU
		{BF35B6CD-356D-451E-851D-AE6B95A02420}.Debug|x86.Build.0 = Debug|Any CPU
		{BF35B6CD-356D-451E-851D-AE6B95A02420}.Release|Any CPU.ActiveCfg = Release|Any CPU
		{BF35B6CD-356D-451E-851D-AE6B95A02420}.Release|Any CPU.Build.0 = Release|Any CPU
		{BF35B6CD-356D-451E-851D-AE6B95A02420}.Release|x64.ActiveCfg = Release|Any CPU
		{BF35B6CD-356D-451E-851D-AE6B95A02420}.Release|x64.Build.0 = Release|Any CPU
		{BF35B6CD-356D-451E-851D-AE6B95A02420}.Release|x86.ActiveCfg = Release|Any CPU
		{BF35B6CD-356D-451E-851D-AE6B95A02420}.Release|x86.Build.0 = Release|Any CPU
		{CF28889A-DCE7-42AA-B59D-07B280902B08}.Debug|Any CPU.ActiveCfg = Debug|Any CPU
		{CF28889A-DCE7-42AA-B59D-07B280902B08}.Debug|Any CPU.Build.0 = Debug|Any CPU
		{CF28889A-DCE7-42AA-B59D-07B280902B08}.Debug|x64.ActiveCfg = Debug|Any CPU
		{CF28889A-DCE7-42AA-B59D-07B280902B08}.Debug|x64.Build.0 = Debug|Any CPU
		{CF28889A-DCE7-42AA-B59D-07B280902B08}.Debug|x86.ActiveCfg = Debug|Any CPU
		{CF28889A-DCE7-42AA-B59D-07B280902B08}.Debug|x86.Build.0 = Debug|Any CPU
		{CF28889A-DCE7-42AA-B59D-07B280902B08}.Release|Any CPU.ActiveCfg = Release|Any CPU
		{CF28889A-DCE7-42AA-B59D-07B280902B08}.Release|Any CPU.Build.0 = Release|Any CPU
		{CF28889A-DCE7-42AA-B59D-07B280902B08}.Release|x64.ActiveCfg = Release|Any CPU
		{CF28889A-DCE7-42AA-B59D-07B280902B08}.Release|x64.Build.0 = Release|Any CPU
		{CF28889A-DCE7-42AA-B59D-07B280902B08}.Release|x86.ActiveCfg = Release|Any CPU
		{CF28889A-DCE7-42AA-B59D-07B280902B08}.Release|x86.Build.0 = Release|Any CPU
		{7A83C846-B5BB-4BA2-A862-FE3EA468CE22}.Debug|Any CPU.ActiveCfg = Debug|Any CPU
		{7A83C846-B5BB-4BA2-A862-FE3EA468CE22}.Debug|Any CPU.Build.0 = Debug|Any CPU
		{7A83C846-B5BB-4BA2-A862-FE3EA468CE22}.Debug|x64.ActiveCfg = Debug|Any CPU
		{7A83C846-B5BB-4BA2-A862-FE3EA468CE22}.Debug|x64.Build.0 = Debug|Any CPU
		{7A83C846-B5BB-4BA2-A862-FE3EA468CE22}.Debug|x86.ActiveCfg = Debug|Any CPU
		{7A83C846-B5BB-4BA2-A862-FE3EA468CE22}.Debug|x86.Build.0 = Debug|Any CPU
		{7A83C846-B5BB-4BA2-A862-FE3EA468CE22}.Release|Any CPU.ActiveCfg = Release|Any CPU
		{7A83C846-B5BB-4BA2-A862-FE3EA468CE22}.Release|Any CPU.Build.0 = Release|Any CPU
		{7A83C846-B5BB-4BA2-A862-FE3EA468CE22}.Release|x64.ActiveCfg = Release|Any CPU
		{7A83C846-B5BB-4BA2-A862-FE3EA468CE22}.Release|x64.Build.0 = Release|Any CPU
		{7A83C846-B5BB-4BA2-A862-FE3EA468CE22}.Release|x86.ActiveCfg = Release|Any CPU
		{7A83C846-B5BB-4BA2-A862-FE3EA468CE22}.Release|x86.Build.0 = Release|Any CPU
		{CE674740-F4E1-4674-946C-70112A69DAC3}.Debug|Any CPU.ActiveCfg = Debug|Any CPU
		{CE674740-F4E1-4674-946C-70112A69DAC3}.Debug|Any CPU.Build.0 = Debug|Any CPU
		{CE674740-F4E1-4674-946C-70112A69DAC3}.Debug|x64.ActiveCfg = Debug|Any CPU
		{CE674740-F4E1-4674-946C-70112A69DAC3}.Debug|x64.Build.0 = Debug|Any CPU
		{CE674740-F4E1-4674-946C-70112A69DAC3}.Debug|x86.ActiveCfg = Debug|Any CPU
		{CE674740-F4E1-4674-946C-70112A69DAC3}.Debug|x86.Build.0 = Debug|Any CPU
		{CE674740-F4E1-4674-946C-70112A69DAC3}.Release|Any CPU.ActiveCfg = Release|Any CPU
		{CE674740-F4E1-4674-946C-70112A69DAC3}.Release|Any CPU.Build.0 = Release|Any CPU
		{CE674740-F4E1-4674-946C-70112A69DAC3}.Release|x64.ActiveCfg = Release|Any CPU
		{CE674740-F4E1-4674-946C-70112A69DAC3}.Release|x64.Build.0 = Release|Any CPU
		{CE674740-F4E1-4674-946C-70112A69DAC3}.Release|x86.ActiveCfg = Release|Any CPU
		{CE674740-F4E1-4674-946C-70112A69DAC3}.Release|x86.Build.0 = Release|Any CPU
		{77BBD53A-0864-4ACC-AD3C-BC4D4DC9CC21}.Debug|Any CPU.ActiveCfg = Debug|Any CPU
		{77BBD53A-0864-4ACC-AD3C-BC4D4DC9CC21}.Debug|Any CPU.Build.0 = Debug|Any CPU
		{77BBD53A-0864-4ACC-AD3C-BC4D4DC9CC21}.Debug|x64.ActiveCfg = Debug|Any CPU
		{77BBD53A-0864-4ACC-AD3C-BC4D4DC9CC21}.Debug|x64.Build.0 = Debug|Any CPU
		{77BBD53A-0864-4ACC-AD3C-BC4D4DC9CC21}.Debug|x86.ActiveCfg = Debug|Any CPU
		{77BBD53A-0864-4ACC-AD3C-BC4D4DC9CC21}.Debug|x86.Build.0 = Debug|Any CPU
		{77BBD53A-0864-4ACC-AD3C-BC4D4DC9CC21}.Release|Any CPU.ActiveCfg = Release|Any CPU
		{77BBD53A-0864-4ACC-AD3C-BC4D4DC9CC21}.Release|Any CPU.Build.0 = Release|Any CPU
		{77BBD53A-0864-4ACC-AD3C-BC4D4DC9CC21}.Release|x64.ActiveCfg = Release|Any CPU
		{77BBD53A-0864-4ACC-AD3C-BC4D4DC9CC21}.Release|x64.Build.0 = Release|Any CPU
		{77BBD53A-0864-4ACC-AD3C-BC4D4DC9CC21}.Release|x86.ActiveCfg = Release|Any CPU
		{77BBD53A-0864-4ACC-AD3C-BC4D4DC9CC21}.Release|x86.Build.0 = Release|Any CPU
		{DE77B2AC-B896-461C-8F41-E8EC950F1489}.Debug|Any CPU.ActiveCfg = Debug|Any CPU
		{DE77B2AC-B896-461C-8F41-E8EC950F1489}.Debug|Any CPU.Build.0 = Debug|Any CPU
		{DE77B2AC-B896-461C-8F41-E8EC950F1489}.Debug|x64.ActiveCfg = Debug|Any CPU
		{DE77B2AC-B896-461C-8F41-E8EC950F1489}.Debug|x64.Build.0 = Debug|Any CPU
		{DE77B2AC-B896-461C-8F41-E8EC950F1489}.Debug|x86.ActiveCfg = Debug|Any CPU
		{DE77B2AC-B896-461C-8F41-E8EC950F1489}.Debug|x86.Build.0 = Debug|Any CPU
		{DE77B2AC-B896-461C-8F41-E8EC950F1489}.Release|Any CPU.ActiveCfg = Release|Any CPU
		{DE77B2AC-B896-461C-8F41-E8EC950F1489}.Release|Any CPU.Build.0 = Release|Any CPU
		{DE77B2AC-B896-461C-8F41-E8EC950F1489}.Release|x64.ActiveCfg = Release|Any CPU
		{DE77B2AC-B896-461C-8F41-E8EC950F1489}.Release|x64.Build.0 = Release|Any CPU
		{DE77B2AC-B896-461C-8F41-E8EC950F1489}.Release|x86.ActiveCfg = Release|Any CPU
		{DE77B2AC-B896-461C-8F41-E8EC950F1489}.Release|x86.Build.0 = Release|Any CPU
		{73DEAC7A-BDFD-45C3-A739-DBFE195954B8}.Debug|Any CPU.ActiveCfg = Debug|Any CPU
		{73DEAC7A-BDFD-45C3-A739-DBFE195954B8}.Debug|Any CPU.Build.0 = Debug|Any CPU
		{73DEAC7A-BDFD-45C3-A739-DBFE195954B8}.Debug|x64.ActiveCfg = Debug|Any CPU
		{73DEAC7A-BDFD-45C3-A739-DBFE195954B8}.Debug|x64.Build.0 = Debug|Any CPU
		{73DEAC7A-BDFD-45C3-A739-DBFE195954B8}.Debug|x86.ActiveCfg = Debug|Any CPU
		{73DEAC7A-BDFD-45C3-A739-DBFE195954B8}.Debug|x86.Build.0 = Debug|Any CPU
		{73DEAC7A-BDFD-45C3-A739-DBFE195954B8}.Release|Any CPU.ActiveCfg = Release|Any CPU
		{73DEAC7A-BDFD-45C3-A739-DBFE195954B8}.Release|Any CPU.Build.0 = Release|Any CPU
		{73DEAC7A-BDFD-45C3-A739-DBFE195954B8}.Release|x64.ActiveCfg = Release|Any CPU
		{73DEAC7A-BDFD-45C3-A739-DBFE195954B8}.Release|x64.Build.0 = Release|Any CPU
		{73DEAC7A-BDFD-45C3-A739-DBFE195954B8}.Release|x86.ActiveCfg = Release|Any CPU
		{73DEAC7A-BDFD-45C3-A739-DBFE195954B8}.Release|x86.Build.0 = Release|Any CPU
		{E29BCED5-CD01-470A-A07C-4D2E1D280A58}.Debug|Any CPU.ActiveCfg = Debug|Any CPU
		{E29BCED5-CD01-470A-A07C-4D2E1D280A58}.Debug|Any CPU.Build.0 = Debug|Any CPU
		{E29BCED5-CD01-470A-A07C-4D2E1D280A58}.Debug|x64.ActiveCfg = Debug|Any CPU
		{E29BCED5-CD01-470A-A07C-4D2E1D280A58}.Debug|x64.Build.0 = Debug|Any CPU
		{E29BCED5-CD01-470A-A07C-4D2E1D280A58}.Debug|x86.ActiveCfg = Debug|Any CPU
		{E29BCED5-CD01-470A-A07C-4D2E1D280A58}.Debug|x86.Build.0 = Debug|Any CPU
		{E29BCED5-CD01-470A-A07C-4D2E1D280A58}.Release|Any CPU.ActiveCfg = Release|Any CPU
		{E29BCED5-CD01-470A-A07C-4D2E1D280A58}.Release|Any CPU.Build.0 = Release|Any CPU
		{E29BCED5-CD01-470A-A07C-4D2E1D280A58}.Release|x64.ActiveCfg = Release|Any CPU
		{E29BCED5-CD01-470A-A07C-4D2E1D280A58}.Release|x64.Build.0 = Release|Any CPU
		{E29BCED5-CD01-470A-A07C-4D2E1D280A58}.Release|x86.ActiveCfg = Release|Any CPU
		{E29BCED5-CD01-470A-A07C-4D2E1D280A58}.Release|x86.Build.0 = Release|Any CPU
		{B6CB45CE-541E-4E02-9BBC-2862F6AECB6F}.Debug|Any CPU.ActiveCfg = Debug|Any CPU
		{B6CB45CE-541E-4E02-9BBC-2862F6AECB6F}.Debug|Any CPU.Build.0 = Debug|Any CPU
		{B6CB45CE-541E-4E02-9BBC-2862F6AECB6F}.Debug|x64.ActiveCfg = Debug|Any CPU
		{B6CB45CE-541E-4E02-9BBC-2862F6AECB6F}.Debug|x64.Build.0 = Debug|Any CPU
		{B6CB45CE-541E-4E02-9BBC-2862F6AECB6F}.Debug|x86.ActiveCfg = Debug|Any CPU
		{B6CB45CE-541E-4E02-9BBC-2862F6AECB6F}.Debug|x86.Build.0 = Debug|Any CPU
		{B6CB45CE-541E-4E02-9BBC-2862F6AECB6F}.Release|Any CPU.ActiveCfg = Release|Any CPU
		{B6CB45CE-541E-4E02-9BBC-2862F6AECB6F}.Release|Any CPU.Build.0 = Release|Any CPU
		{B6CB45CE-541E-4E02-9BBC-2862F6AECB6F}.Release|x64.ActiveCfg = Release|Any CPU
		{B6CB45CE-541E-4E02-9BBC-2862F6AECB6F}.Release|x64.Build.0 = Release|Any CPU
		{B6CB45CE-541E-4E02-9BBC-2862F6AECB6F}.Release|x86.ActiveCfg = Release|Any CPU
		{B6CB45CE-541E-4E02-9BBC-2862F6AECB6F}.Release|x86.Build.0 = Release|Any CPU
		{3E80B815-1EC4-4FDA-8F8E-85B61A97DC76}.Debug|Any CPU.ActiveCfg = Debug|Any CPU
		{3E80B815-1EC4-4FDA-8F8E-85B61A97DC76}.Debug|Any CPU.Build.0 = Debug|Any CPU
		{3E80B815-1EC4-4FDA-8F8E-85B61A97DC76}.Debug|x64.ActiveCfg = Debug|Any CPU
		{3E80B815-1EC4-4FDA-8F8E-85B61A97DC76}.Debug|x64.Build.0 = Debug|Any CPU
		{3E80B815-1EC4-4FDA-8F8E-85B61A97DC76}.Debug|x86.ActiveCfg = Debug|Any CPU
		{3E80B815-1EC4-4FDA-8F8E-85B61A97DC76}.Debug|x86.Build.0 = Debug|Any CPU
		{3E80B815-1EC4-4FDA-8F8E-85B61A97DC76}.Release|Any CPU.ActiveCfg = Release|Any CPU
		{3E80B815-1EC4-4FDA-8F8E-85B61A97DC76}.Release|Any CPU.Build.0 = Release|Any CPU
		{3E80B815-1EC4-4FDA-8F8E-85B61A97DC76}.Release|x64.ActiveCfg = Release|Any CPU
		{3E80B815-1EC4-4FDA-8F8E-85B61A97DC76}.Release|x64.Build.0 = Release|Any CPU
		{3E80B815-1EC4-4FDA-8F8E-85B61A97DC76}.Release|x86.ActiveCfg = Release|Any CPU
		{3E80B815-1EC4-4FDA-8F8E-85B61A97DC76}.Release|x86.Build.0 = Release|Any CPU
		{A13487E4-F0B4-474E-9171-A26FE9ECF2CB}.Debug|Any CPU.ActiveCfg = Debug|Any CPU
		{A13487E4-F0B4-474E-9171-A26FE9ECF2CB}.Debug|Any CPU.Build.0 = Debug|Any CPU
		{A13487E4-F0B4-474E-9171-A26FE9ECF2CB}.Debug|x64.ActiveCfg = Debug|Any CPU
		{A13487E4-F0B4-474E-9171-A26FE9ECF2CB}.Debug|x64.Build.0 = Debug|Any CPU
		{A13487E4-F0B4-474E-9171-A26FE9ECF2CB}.Debug|x86.ActiveCfg = Debug|Any CPU
		{A13487E4-F0B4-474E-9171-A26FE9ECF2CB}.Debug|x86.Build.0 = Debug|Any CPU
		{A13487E4-F0B4-474E-9171-A26FE9ECF2CB}.Release|Any CPU.ActiveCfg = Release|Any CPU
		{A13487E4-F0B4-474E-9171-A26FE9ECF2CB}.Release|Any CPU.Build.0 = Release|Any CPU
		{A13487E4-F0B4-474E-9171-A26FE9ECF2CB}.Release|x64.ActiveCfg = Release|Any CPU
		{A13487E4-F0B4-474E-9171-A26FE9ECF2CB}.Release|x64.Build.0 = Release|Any CPU
		{A13487E4-F0B4-474E-9171-A26FE9ECF2CB}.Release|x86.ActiveCfg = Release|Any CPU
		{A13487E4-F0B4-474E-9171-A26FE9ECF2CB}.Release|x86.Build.0 = Release|Any CPU
		{FBDD1C0F-03ED-4A4B-83D4-EAE0C8BB9CC3}.Debug|Any CPU.ActiveCfg = Debug|Any CPU
		{FBDD1C0F-03ED-4A4B-83D4-EAE0C8BB9CC3}.Debug|Any CPU.Build.0 = Debug|Any CPU
		{FBDD1C0F-03ED-4A4B-83D4-EAE0C8BB9CC3}.Debug|x64.ActiveCfg = Debug|Any CPU
		{FBDD1C0F-03ED-4A4B-83D4-EAE0C8BB9CC3}.Debug|x64.Build.0 = Debug|Any CPU
		{FBDD1C0F-03ED-4A4B-83D4-EAE0C8BB9CC3}.Debug|x86.ActiveCfg = Debug|Any CPU
		{FBDD1C0F-03ED-4A4B-83D4-EAE0C8BB9CC3}.Debug|x86.Build.0 = Debug|Any CPU
		{FBDD1C0F-03ED-4A4B-83D4-EAE0C8BB9CC3}.Release|Any CPU.ActiveCfg = Release|Any CPU
		{FBDD1C0F-03ED-4A4B-83D4-EAE0C8BB9CC3}.Release|Any CPU.Build.0 = Release|Any CPU
		{FBDD1C0F-03ED-4A4B-83D4-EAE0C8BB9CC3}.Release|x64.ActiveCfg = Release|Any CPU
		{FBDD1C0F-03ED-4A4B-83D4-EAE0C8BB9CC3}.Release|x64.Build.0 = Release|Any CPU
		{FBDD1C0F-03ED-4A4B-83D4-EAE0C8BB9CC3}.Release|x86.ActiveCfg = Release|Any CPU
		{FBDD1C0F-03ED-4A4B-83D4-EAE0C8BB9CC3}.Release|x86.Build.0 = Release|Any CPU
		{817E1BCC-00DF-4F61-8F57-BA93D7C76E28}.Debug|Any CPU.ActiveCfg = Debug|Any CPU
		{817E1BCC-00DF-4F61-8F57-BA93D7C76E28}.Debug|Any CPU.Build.0 = Debug|Any CPU
		{817E1BCC-00DF-4F61-8F57-BA93D7C76E28}.Debug|x64.ActiveCfg = Debug|Any CPU
		{817E1BCC-00DF-4F61-8F57-BA93D7C76E28}.Debug|x64.Build.0 = Debug|Any CPU
		{817E1BCC-00DF-4F61-8F57-BA93D7C76E28}.Debug|x86.ActiveCfg = Debug|Any CPU
		{817E1BCC-00DF-4F61-8F57-BA93D7C76E28}.Debug|x86.Build.0 = Debug|Any CPU
		{817E1BCC-00DF-4F61-8F57-BA93D7C76E28}.Release|Any CPU.ActiveCfg = Release|Any CPU
		{817E1BCC-00DF-4F61-8F57-BA93D7C76E28}.Release|Any CPU.Build.0 = Release|Any CPU
		{817E1BCC-00DF-4F61-8F57-BA93D7C76E28}.Release|x64.ActiveCfg = Release|Any CPU
		{817E1BCC-00DF-4F61-8F57-BA93D7C76E28}.Release|x64.Build.0 = Release|Any CPU
		{817E1BCC-00DF-4F61-8F57-BA93D7C76E28}.Release|x86.ActiveCfg = Release|Any CPU
		{817E1BCC-00DF-4F61-8F57-BA93D7C76E28}.Release|x86.Build.0 = Release|Any CPU
		{F1B0B9FE-1B98-4F22-A2A1-0066DCD19226}.Debug|Any CPU.ActiveCfg = Debug|Any CPU
		{F1B0B9FE-1B98-4F22-A2A1-0066DCD19226}.Debug|Any CPU.Build.0 = Debug|Any CPU
		{F1B0B9FE-1B98-4F22-A2A1-0066DCD19226}.Debug|x64.ActiveCfg = Debug|Any CPU
		{F1B0B9FE-1B98-4F22-A2A1-0066DCD19226}.Debug|x64.Build.0 = Debug|Any CPU
		{F1B0B9FE-1B98-4F22-A2A1-0066DCD19226}.Debug|x86.ActiveCfg = Debug|Any CPU
		{F1B0B9FE-1B98-4F22-A2A1-0066DCD19226}.Debug|x86.Build.0 = Debug|Any CPU
		{F1B0B9FE-1B98-4F22-A2A1-0066DCD19226}.Release|Any CPU.ActiveCfg = Release|Any CPU
		{F1B0B9FE-1B98-4F22-A2A1-0066DCD19226}.Release|Any CPU.Build.0 = Release|Any CPU
		{F1B0B9FE-1B98-4F22-A2A1-0066DCD19226}.Release|x64.ActiveCfg = Release|Any CPU
		{F1B0B9FE-1B98-4F22-A2A1-0066DCD19226}.Release|x64.Build.0 = Release|Any CPU
		{F1B0B9FE-1B98-4F22-A2A1-0066DCD19226}.Release|x86.ActiveCfg = Release|Any CPU
		{F1B0B9FE-1B98-4F22-A2A1-0066DCD19226}.Release|x86.Build.0 = Release|Any CPU
		{85B6860E-D8C9-4CA0-A2B0-A1A1946D3E5F}.Debug|Any CPU.ActiveCfg = Debug|Any CPU
		{85B6860E-D8C9-4CA0-A2B0-A1A1946D3E5F}.Debug|Any CPU.Build.0 = Debug|Any CPU
		{85B6860E-D8C9-4CA0-A2B0-A1A1946D3E5F}.Debug|x64.ActiveCfg = Debug|Any CPU
		{85B6860E-D8C9-4CA0-A2B0-A1A1946D3E5F}.Debug|x64.Build.0 = Debug|Any CPU
		{85B6860E-D8C9-4CA0-A2B0-A1A1946D3E5F}.Debug|x86.ActiveCfg = Debug|Any CPU
		{85B6860E-D8C9-4CA0-A2B0-A1A1946D3E5F}.Debug|x86.Build.0 = Debug|Any CPU
		{85B6860E-D8C9-4CA0-A2B0-A1A1946D3E5F}.Release|Any CPU.ActiveCfg = Release|Any CPU
		{85B6860E-D8C9-4CA0-A2B0-A1A1946D3E5F}.Release|Any CPU.Build.0 = Release|Any CPU
		{85B6860E-D8C9-4CA0-A2B0-A1A1946D3E5F}.Release|x64.ActiveCfg = Release|Any CPU
		{85B6860E-D8C9-4CA0-A2B0-A1A1946D3E5F}.Release|x64.Build.0 = Release|Any CPU
		{85B6860E-D8C9-4CA0-A2B0-A1A1946D3E5F}.Release|x86.ActiveCfg = Release|Any CPU
		{85B6860E-D8C9-4CA0-A2B0-A1A1946D3E5F}.Release|x86.Build.0 = Release|Any CPU
		{C22C0629-8798-42CB-B1CA-8D1B249C8D0B}.Debug|Any CPU.ActiveCfg = Debug|Any CPU
		{C22C0629-8798-42CB-B1CA-8D1B249C8D0B}.Debug|Any CPU.Build.0 = Debug|Any CPU
		{C22C0629-8798-42CB-B1CA-8D1B249C8D0B}.Debug|x64.ActiveCfg = Debug|Any CPU
		{C22C0629-8798-42CB-B1CA-8D1B249C8D0B}.Debug|x64.Build.0 = Debug|Any CPU
		{C22C0629-8798-42CB-B1CA-8D1B249C8D0B}.Debug|x86.ActiveCfg = Debug|Any CPU
		{C22C0629-8798-42CB-B1CA-8D1B249C8D0B}.Debug|x86.Build.0 = Debug|Any CPU
		{C22C0629-8798-42CB-B1CA-8D1B249C8D0B}.Release|Any CPU.ActiveCfg = Release|Any CPU
		{C22C0629-8798-42CB-B1CA-8D1B249C8D0B}.Release|Any CPU.Build.0 = Release|Any CPU
		{C22C0629-8798-42CB-B1CA-8D1B249C8D0B}.Release|x64.ActiveCfg = Release|Any CPU
		{C22C0629-8798-42CB-B1CA-8D1B249C8D0B}.Release|x64.Build.0 = Release|Any CPU
		{C22C0629-8798-42CB-B1CA-8D1B249C8D0B}.Release|x86.ActiveCfg = Release|Any CPU
		{C22C0629-8798-42CB-B1CA-8D1B249C8D0B}.Release|x86.Build.0 = Release|Any CPU
		{146FCB44-BFD3-4455-ACA7-AFFE5E1FB0DD}.Debug|Any CPU.ActiveCfg = Debug|Any CPU
		{146FCB44-BFD3-4455-ACA7-AFFE5E1FB0DD}.Debug|Any CPU.Build.0 = Debug|Any CPU
		{146FCB44-BFD3-4455-ACA7-AFFE5E1FB0DD}.Debug|x64.ActiveCfg = Debug|Any CPU
		{146FCB44-BFD3-4455-ACA7-AFFE5E1FB0DD}.Debug|x64.Build.0 = Debug|Any CPU
		{146FCB44-BFD3-4455-ACA7-AFFE5E1FB0DD}.Debug|x86.ActiveCfg = Debug|Any CPU
		{146FCB44-BFD3-4455-ACA7-AFFE5E1FB0DD}.Debug|x86.Build.0 = Debug|Any CPU
		{146FCB44-BFD3-4455-ACA7-AFFE5E1FB0DD}.Release|Any CPU.ActiveCfg = Release|Any CPU
		{146FCB44-BFD3-4455-ACA7-AFFE5E1FB0DD}.Release|Any CPU.Build.0 = Release|Any CPU
		{146FCB44-BFD3-4455-ACA7-AFFE5E1FB0DD}.Release|x64.ActiveCfg = Release|Any CPU
		{146FCB44-BFD3-4455-ACA7-AFFE5E1FB0DD}.Release|x64.Build.0 = Release|Any CPU
		{146FCB44-BFD3-4455-ACA7-AFFE5E1FB0DD}.Release|x86.ActiveCfg = Release|Any CPU
		{146FCB44-BFD3-4455-ACA7-AFFE5E1FB0DD}.Release|x86.Build.0 = Release|Any CPU
		{CD3DC04A-906E-4B07-BF43-4A76E602F651}.Debug|Any CPU.ActiveCfg = Debug|Any CPU
		{CD3DC04A-906E-4B07-BF43-4A76E602F651}.Debug|Any CPU.Build.0 = Debug|Any CPU
		{CD3DC04A-906E-4B07-BF43-4A76E602F651}.Debug|x64.ActiveCfg = Debug|Any CPU
		{CD3DC04A-906E-4B07-BF43-4A76E602F651}.Debug|x64.Build.0 = Debug|Any CPU
		{CD3DC04A-906E-4B07-BF43-4A76E602F651}.Debug|x86.ActiveCfg = Debug|Any CPU
		{CD3DC04A-906E-4B07-BF43-4A76E602F651}.Debug|x86.Build.0 = Debug|Any CPU
		{CD3DC04A-906E-4B07-BF43-4A76E602F651}.Release|Any CPU.ActiveCfg = Release|Any CPU
		{CD3DC04A-906E-4B07-BF43-4A76E602F651}.Release|Any CPU.Build.0 = Release|Any CPU
		{CD3DC04A-906E-4B07-BF43-4A76E602F651}.Release|x64.ActiveCfg = Release|Any CPU
		{CD3DC04A-906E-4B07-BF43-4A76E602F651}.Release|x64.Build.0 = Release|Any CPU
		{CD3DC04A-906E-4B07-BF43-4A76E602F651}.Release|x86.ActiveCfg = Release|Any CPU
		{CD3DC04A-906E-4B07-BF43-4A76E602F651}.Release|x86.Build.0 = Release|Any CPU
		{0EFD9F70-A918-4172-988C-E271EF9B2143}.Debug|Any CPU.ActiveCfg = Debug|Any CPU
		{0EFD9F70-A918-4172-988C-E271EF9B2143}.Debug|Any CPU.Build.0 = Debug|Any CPU
		{0EFD9F70-A918-4172-988C-E271EF9B2143}.Debug|x64.ActiveCfg = Debug|Any CPU
		{0EFD9F70-A918-4172-988C-E271EF9B2143}.Debug|x64.Build.0 = Debug|Any CPU
		{0EFD9F70-A918-4172-988C-E271EF9B2143}.Debug|x86.ActiveCfg = Debug|Any CPU
		{0EFD9F70-A918-4172-988C-E271EF9B2143}.Debug|x86.Build.0 = Debug|Any CPU
		{0EFD9F70-A918-4172-988C-E271EF9B2143}.Release|Any CPU.ActiveCfg = Release|Any CPU
		{0EFD9F70-A918-4172-988C-E271EF9B2143}.Release|Any CPU.Build.0 = Release|Any CPU
		{0EFD9F70-A918-4172-988C-E271EF9B2143}.Release|x64.ActiveCfg = Release|Any CPU
		{0EFD9F70-A918-4172-988C-E271EF9B2143}.Release|x64.Build.0 = Release|Any CPU
		{0EFD9F70-A918-4172-988C-E271EF9B2143}.Release|x86.ActiveCfg = Release|Any CPU
		{0EFD9F70-A918-4172-988C-E271EF9B2143}.Release|x86.Build.0 = Release|Any CPU
		{F62504E8-373D-41BC-9DF9-F821423C6848}.Debug|Any CPU.ActiveCfg = Debug|Any CPU
		{F62504E8-373D-41BC-9DF9-F821423C6848}.Debug|Any CPU.Build.0 = Debug|Any CPU
		{F62504E8-373D-41BC-9DF9-F821423C6848}.Debug|x64.ActiveCfg = Debug|Any CPU
		{F62504E8-373D-41BC-9DF9-F821423C6848}.Debug|x64.Build.0 = Debug|Any CPU
		{F62504E8-373D-41BC-9DF9-F821423C6848}.Debug|x86.ActiveCfg = Debug|Any CPU
		{F62504E8-373D-41BC-9DF9-F821423C6848}.Debug|x86.Build.0 = Debug|Any CPU
		{F62504E8-373D-41BC-9DF9-F821423C6848}.Release|Any CPU.ActiveCfg = Release|Any CPU
		{F62504E8-373D-41BC-9DF9-F821423C6848}.Release|Any CPU.Build.0 = Release|Any CPU
		{F62504E8-373D-41BC-9DF9-F821423C6848}.Release|x64.ActiveCfg = Release|Any CPU
		{F62504E8-373D-41BC-9DF9-F821423C6848}.Release|x64.Build.0 = Release|Any CPU
		{F62504E8-373D-41BC-9DF9-F821423C6848}.Release|x86.ActiveCfg = Release|Any CPU
		{F62504E8-373D-41BC-9DF9-F821423C6848}.Release|x86.Build.0 = Release|Any CPU
		{E0EDCD34-758D-40C0-A8B8-2EA979537C2F}.Debug|Any CPU.ActiveCfg = Debug|Any CPU
		{E0EDCD34-758D-40C0-A8B8-2EA979537C2F}.Debug|Any CPU.Build.0 = Debug|Any CPU
		{E0EDCD34-758D-40C0-A8B8-2EA979537C2F}.Debug|x64.ActiveCfg = Debug|Any CPU
		{E0EDCD34-758D-40C0-A8B8-2EA979537C2F}.Debug|x64.Build.0 = Debug|Any CPU
		{E0EDCD34-758D-40C0-A8B8-2EA979537C2F}.Debug|x86.ActiveCfg = Debug|Any CPU
		{E0EDCD34-758D-40C0-A8B8-2EA979537C2F}.Debug|x86.Build.0 = Debug|Any CPU
		{E0EDCD34-758D-40C0-A8B8-2EA979537C2F}.Release|Any CPU.ActiveCfg = Release|Any CPU
		{E0EDCD34-758D-40C0-A8B8-2EA979537C2F}.Release|Any CPU.Build.0 = Release|Any CPU
		{E0EDCD34-758D-40C0-A8B8-2EA979537C2F}.Release|x64.ActiveCfg = Release|Any CPU
		{E0EDCD34-758D-40C0-A8B8-2EA979537C2F}.Release|x64.Build.0 = Release|Any CPU
		{E0EDCD34-758D-40C0-A8B8-2EA979537C2F}.Release|x86.ActiveCfg = Release|Any CPU
		{E0EDCD34-758D-40C0-A8B8-2EA979537C2F}.Release|x86.Build.0 = Release|Any CPU
		{3222A589-9614-4801-9F95-5BE1D4DDDADB}.Debug|Any CPU.ActiveCfg = Debug|Any CPU
		{3222A589-9614-4801-9F95-5BE1D4DDDADB}.Debug|Any CPU.Build.0 = Debug|Any CPU
		{3222A589-9614-4801-9F95-5BE1D4DDDADB}.Debug|x64.ActiveCfg = Debug|Any CPU
		{3222A589-9614-4801-9F95-5BE1D4DDDADB}.Debug|x64.Build.0 = Debug|Any CPU
		{3222A589-9614-4801-9F95-5BE1D4DDDADB}.Debug|x86.ActiveCfg = Debug|Any CPU
		{3222A589-9614-4801-9F95-5BE1D4DDDADB}.Debug|x86.Build.0 = Debug|Any CPU
		{3222A589-9614-4801-9F95-5BE1D4DDDADB}.Release|Any CPU.ActiveCfg = Release|Any CPU
		{3222A589-9614-4801-9F95-5BE1D4DDDADB}.Release|Any CPU.Build.0 = Release|Any CPU
		{3222A589-9614-4801-9F95-5BE1D4DDDADB}.Release|x64.ActiveCfg = Release|Any CPU
		{3222A589-9614-4801-9F95-5BE1D4DDDADB}.Release|x64.Build.0 = Release|Any CPU
		{3222A589-9614-4801-9F95-5BE1D4DDDADB}.Release|x86.ActiveCfg = Release|Any CPU
		{3222A589-9614-4801-9F95-5BE1D4DDDADB}.Release|x86.Build.0 = Release|Any CPU
		{D16C40EC-E126-4B45-AD85-9356456A1832}.Debug|Any CPU.ActiveCfg = Debug|Any CPU
		{D16C40EC-E126-4B45-AD85-9356456A1832}.Debug|Any CPU.Build.0 = Debug|Any CPU
		{D16C40EC-E126-4B45-AD85-9356456A1832}.Debug|x64.ActiveCfg = Debug|Any CPU
		{D16C40EC-E126-4B45-AD85-9356456A1832}.Debug|x64.Build.0 = Debug|Any CPU
		{D16C40EC-E126-4B45-AD85-9356456A1832}.Debug|x86.ActiveCfg = Debug|Any CPU
		{D16C40EC-E126-4B45-AD85-9356456A1832}.Debug|x86.Build.0 = Debug|Any CPU
		{D16C40EC-E126-4B45-AD85-9356456A1832}.Release|Any CPU.ActiveCfg = Release|Any CPU
		{D16C40EC-E126-4B45-AD85-9356456A1832}.Release|Any CPU.Build.0 = Release|Any CPU
		{D16C40EC-E126-4B45-AD85-9356456A1832}.Release|x64.ActiveCfg = Release|Any CPU
		{D16C40EC-E126-4B45-AD85-9356456A1832}.Release|x64.Build.0 = Release|Any CPU
		{D16C40EC-E126-4B45-AD85-9356456A1832}.Release|x86.ActiveCfg = Release|Any CPU
		{D16C40EC-E126-4B45-AD85-9356456A1832}.Release|x86.Build.0 = Release|Any CPU
		{2C49B08A-F030-4107-B5E6-B2753D43EA2F}.Debug|Any CPU.ActiveCfg = Debug|Any CPU
		{2C49B08A-F030-4107-B5E6-B2753D43EA2F}.Debug|Any CPU.Build.0 = Debug|Any CPU
		{2C49B08A-F030-4107-B5E6-B2753D43EA2F}.Debug|x64.ActiveCfg = Debug|Any CPU
		{2C49B08A-F030-4107-B5E6-B2753D43EA2F}.Debug|x64.Build.0 = Debug|Any CPU
		{2C49B08A-F030-4107-B5E6-B2753D43EA2F}.Debug|x86.ActiveCfg = Debug|Any CPU
		{2C49B08A-F030-4107-B5E6-B2753D43EA2F}.Debug|x86.Build.0 = Debug|Any CPU
		{2C49B08A-F030-4107-B5E6-B2753D43EA2F}.Release|Any CPU.ActiveCfg = Release|Any CPU
		{2C49B08A-F030-4107-B5E6-B2753D43EA2F}.Release|Any CPU.Build.0 = Release|Any CPU
		{2C49B08A-F030-4107-B5E6-B2753D43EA2F}.Release|x64.ActiveCfg = Release|Any CPU
		{2C49B08A-F030-4107-B5E6-B2753D43EA2F}.Release|x64.Build.0 = Release|Any CPU
		{2C49B08A-F030-4107-B5E6-B2753D43EA2F}.Release|x86.ActiveCfg = Release|Any CPU
		{2C49B08A-F030-4107-B5E6-B2753D43EA2F}.Release|x86.Build.0 = Release|Any CPU
		{FFB18029-9C86-43BD-BF6F-1FA623629E77}.Debug|Any CPU.ActiveCfg = Debug|Any CPU
		{FFB18029-9C86-43BD-BF6F-1FA623629E77}.Debug|Any CPU.Build.0 = Debug|Any CPU
		{FFB18029-9C86-43BD-BF6F-1FA623629E77}.Debug|x64.ActiveCfg = Debug|Any CPU
		{FFB18029-9C86-43BD-BF6F-1FA623629E77}.Debug|x64.Build.0 = Debug|Any CPU
		{FFB18029-9C86-43BD-BF6F-1FA623629E77}.Debug|x86.ActiveCfg = Debug|Any CPU
		{FFB18029-9C86-43BD-BF6F-1FA623629E77}.Debug|x86.Build.0 = Debug|Any CPU
		{FFB18029-9C86-43BD-BF6F-1FA623629E77}.Release|Any CPU.ActiveCfg = Release|Any CPU
		{FFB18029-9C86-43BD-BF6F-1FA623629E77}.Release|Any CPU.Build.0 = Release|Any CPU
		{FFB18029-9C86-43BD-BF6F-1FA623629E77}.Release|x64.ActiveCfg = Release|Any CPU
		{FFB18029-9C86-43BD-BF6F-1FA623629E77}.Release|x64.Build.0 = Release|Any CPU
		{FFB18029-9C86-43BD-BF6F-1FA623629E77}.Release|x86.ActiveCfg = Release|Any CPU
		{FFB18029-9C86-43BD-BF6F-1FA623629E77}.Release|x86.Build.0 = Release|Any CPU
		{863D9995-A08B-4162-842A-B5984FCF685F}.Debug|Any CPU.ActiveCfg = Debug|Any CPU
		{863D9995-A08B-4162-842A-B5984FCF685F}.Debug|Any CPU.Build.0 = Debug|Any CPU
		{863D9995-A08B-4162-842A-B5984FCF685F}.Debug|x64.ActiveCfg = Debug|Any CPU
		{863D9995-A08B-4162-842A-B5984FCF685F}.Debug|x64.Build.0 = Debug|Any CPU
		{863D9995-A08B-4162-842A-B5984FCF685F}.Debug|x86.ActiveCfg = Debug|Any CPU
		{863D9995-A08B-4162-842A-B5984FCF685F}.Debug|x86.Build.0 = Debug|Any CPU
		{863D9995-A08B-4162-842A-B5984FCF685F}.Release|Any CPU.ActiveCfg = Release|Any CPU
		{863D9995-A08B-4162-842A-B5984FCF685F}.Release|Any CPU.Build.0 = Release|Any CPU
		{863D9995-A08B-4162-842A-B5984FCF685F}.Release|x64.ActiveCfg = Release|Any CPU
		{863D9995-A08B-4162-842A-B5984FCF685F}.Release|x64.Build.0 = Release|Any CPU
		{863D9995-A08B-4162-842A-B5984FCF685F}.Release|x86.ActiveCfg = Release|Any CPU
		{863D9995-A08B-4162-842A-B5984FCF685F}.Release|x86.Build.0 = Release|Any CPU
		{B03AB3E7-9680-4EA6-898C-085C6AE099C9}.Debug|Any CPU.ActiveCfg = Debug|Any CPU
		{B03AB3E7-9680-4EA6-898C-085C6AE099C9}.Debug|Any CPU.Build.0 = Debug|Any CPU
		{B03AB3E7-9680-4EA6-898C-085C6AE099C9}.Debug|x64.ActiveCfg = Debug|Any CPU
		{B03AB3E7-9680-4EA6-898C-085C6AE099C9}.Debug|x64.Build.0 = Debug|Any CPU
		{B03AB3E7-9680-4EA6-898C-085C6AE099C9}.Debug|x86.ActiveCfg = Debug|Any CPU
		{B03AB3E7-9680-4EA6-898C-085C6AE099C9}.Debug|x86.Build.0 = Debug|Any CPU
		{B03AB3E7-9680-4EA6-898C-085C6AE099C9}.Release|Any CPU.ActiveCfg = Release|Any CPU
		{B03AB3E7-9680-4EA6-898C-085C6AE099C9}.Release|Any CPU.Build.0 = Release|Any CPU
		{B03AB3E7-9680-4EA6-898C-085C6AE099C9}.Release|x64.ActiveCfg = Release|Any CPU
		{B03AB3E7-9680-4EA6-898C-085C6AE099C9}.Release|x64.Build.0 = Release|Any CPU
		{B03AB3E7-9680-4EA6-898C-085C6AE099C9}.Release|x86.ActiveCfg = Release|Any CPU
		{B03AB3E7-9680-4EA6-898C-085C6AE099C9}.Release|x86.Build.0 = Release|Any CPU
		{4A907124-02F7-46BE-99A1-8DFB5486A8CE}.Debug|Any CPU.ActiveCfg = Debug|Any CPU
		{4A907124-02F7-46BE-99A1-8DFB5486A8CE}.Debug|Any CPU.Build.0 = Debug|Any CPU
		{4A907124-02F7-46BE-99A1-8DFB5486A8CE}.Debug|x64.ActiveCfg = Debug|Any CPU
		{4A907124-02F7-46BE-99A1-8DFB5486A8CE}.Debug|x64.Build.0 = Debug|Any CPU
		{4A907124-02F7-46BE-99A1-8DFB5486A8CE}.Debug|x86.ActiveCfg = Debug|Any CPU
		{4A907124-02F7-46BE-99A1-8DFB5486A8CE}.Debug|x86.Build.0 = Debug|Any CPU
		{4A907124-02F7-46BE-99A1-8DFB5486A8CE}.Release|Any CPU.ActiveCfg = Release|Any CPU
		{4A907124-02F7-46BE-99A1-8DFB5486A8CE}.Release|Any CPU.Build.0 = Release|Any CPU
		{4A907124-02F7-46BE-99A1-8DFB5486A8CE}.Release|x64.ActiveCfg = Release|Any CPU
		{4A907124-02F7-46BE-99A1-8DFB5486A8CE}.Release|x64.Build.0 = Release|Any CPU
		{4A907124-02F7-46BE-99A1-8DFB5486A8CE}.Release|x86.ActiveCfg = Release|Any CPU
		{4A907124-02F7-46BE-99A1-8DFB5486A8CE}.Release|x86.Build.0 = Release|Any CPU
	EndGlobalSection
	GlobalSection(SolutionProperties) = preSolution
		HideSolutionNode = FALSE
	EndGlobalSection
	GlobalSection(NestedProjects) = preSolution
		{BFF2DF6E-AA54-47C7-211F-79ACCBB4577C} = {827E0CD3-B72D-47B6-A68D-7590B98EB39B}
		{2194D694-F514-4E76-9861-907EA5C18BCA} = {BFF2DF6E-AA54-47C7-211F-79ACCBB4577C}
		{2CF46396-562B-4D94-A5DB-F106C37B1BCE} = {BFF2DF6E-AA54-47C7-211F-79ACCBB4577C}
		{FD281843-9D9A-444C-9224-E4CF558E7C5A} = {BFF2DF6E-AA54-47C7-211F-79ACCBB4577C}
		{EC447DCF-ABFA-6E24-52A5-D7FD48A5C558} = {827E0CD3-B72D-47B6-A68D-7590B98EB39B}
		{F76A4D96-877B-5F50-AF00-5E9467FFFDF0} = {EC447DCF-ABFA-6E24-52A5-D7FD48A5C558}
		{5A210B6D-BE8F-4914-A446-DAC3A84A5D80} = {F76A4D96-877B-5F50-AF00-5E9467FFFDF0}
		{8DE68E8B-8145-48C5-B9E0-B8FE00F8A2AD} = {F76A4D96-877B-5F50-AF00-5E9467FFFDF0}
		{BF35B6CD-356D-451E-851D-AE6B95A02420} = {F76A4D96-877B-5F50-AF00-5E9467FFFDF0}
		{CF28889A-DCE7-42AA-B59D-07B280902B08} = {F76A4D96-877B-5F50-AF00-5E9467FFFDF0}
		{7A83C846-B5BB-4BA2-A862-FE3EA468CE22} = {F76A4D96-877B-5F50-AF00-5E9467FFFDF0}
		{A26F344D-182E-CE53-AD51-2154946AC6F3} = {EC447DCF-ABFA-6E24-52A5-D7FD48A5C558}
		{CE674740-F4E1-4674-946C-70112A69DAC3} = {A26F344D-182E-CE53-AD51-2154946AC6F3}
		{77BBD53A-0864-4ACC-AD3C-BC4D4DC9CC21} = {A26F344D-182E-CE53-AD51-2154946AC6F3}
		{DE77B2AC-B896-461C-8F41-E8EC950F1489} = {A26F344D-182E-CE53-AD51-2154946AC6F3}
		{73DEAC7A-BDFD-45C3-A739-DBFE195954B8} = {A26F344D-182E-CE53-AD51-2154946AC6F3}
		{E29BCED5-CD01-470A-A07C-4D2E1D280A58} = {A26F344D-182E-CE53-AD51-2154946AC6F3}
		{0EC62A1A-9858-3A60-8A0C-FC9AACFA2EC7} = {EC447DCF-ABFA-6E24-52A5-D7FD48A5C558}
		{B6CB45CE-541E-4E02-9BBC-2862F6AECB6F} = {0EC62A1A-9858-3A60-8A0C-FC9AACFA2EC7}
		{3E80B815-1EC4-4FDA-8F8E-85B61A97DC76} = {0EC62A1A-9858-3A60-8A0C-FC9AACFA2EC7}
		{A13487E4-F0B4-474E-9171-A26FE9ECF2CB} = {0EC62A1A-9858-3A60-8A0C-FC9AACFA2EC7}
		{FBDD1C0F-03ED-4A4B-83D4-EAE0C8BB9CC3} = {0EC62A1A-9858-3A60-8A0C-FC9AACFA2EC7}
		{DEF05D85-86F1-393F-22F4-9251153583D2} = {EC447DCF-ABFA-6E24-52A5-D7FD48A5C558}
		{817E1BCC-00DF-4F61-8F57-BA93D7C76E28} = {DEF05D85-86F1-393F-22F4-9251153583D2}
		{F1B0B9FE-1B98-4F22-A2A1-0066DCD19226} = {DEF05D85-86F1-393F-22F4-9251153583D2}
		{85B6860E-D8C9-4CA0-A2B0-A1A1946D3E5F} = {DEF05D85-86F1-393F-22F4-9251153583D2}
		{C22C0629-8798-42CB-B1CA-8D1B249C8D0B} = {DEF05D85-86F1-393F-22F4-9251153583D2}
		{146FCB44-BFD3-4455-ACA7-AFFE5E1FB0DD} = {DEF05D85-86F1-393F-22F4-9251153583D2}
		{4C6BDAE4-8D09-3162-71E4-914813D2EA71} = {EC447DCF-ABFA-6E24-52A5-D7FD48A5C558}
		{CD3DC04A-906E-4B07-BF43-4A76E602F651} = {4C6BDAE4-8D09-3162-71E4-914813D2EA71}
		{0EFD9F70-A918-4172-988C-E271EF9B2143} = {4C6BDAE4-8D09-3162-71E4-914813D2EA71}
		{F62504E8-373D-41BC-9DF9-F821423C6848} = {4C6BDAE4-8D09-3162-71E4-914813D2EA71}
		{E0EDCD34-758D-40C0-A8B8-2EA979537C2F} = {4C6BDAE4-8D09-3162-71E4-914813D2EA71}
		{3222A589-9614-4801-9F95-5BE1D4DDDADB} = {4C6BDAE4-8D09-3162-71E4-914813D2EA71}
		{6607913A-AF51-F8F1-62A6-223B28A39963} = {EC447DCF-ABFA-6E24-52A5-D7FD48A5C558}
		{D16C40EC-E126-4B45-AD85-9356456A1832} = {6607913A-AF51-F8F1-62A6-223B28A39963}
		{2C49B08A-F030-4107-B5E6-B2753D43EA2F} = {6607913A-AF51-F8F1-62A6-223B28A39963}
		{FFB18029-9C86-43BD-BF6F-1FA623629E77} = {6607913A-AF51-F8F1-62A6-223B28A39963}
		{863D9995-A08B-4162-842A-B5984FCF685F} = {6607913A-AF51-F8F1-62A6-223B28A39963}
		{B03AB3E7-9680-4EA6-898C-085C6AE099C9} = {6607913A-AF51-F8F1-62A6-223B28A39963}
		{6306A8FB-679E-111F-6585-8F70E0EE6013} = {827E0CD3-B72D-47B6-A68D-7590B98EB39B}
		{4A907124-02F7-46BE-99A1-8DFB5486A8CE} = {6306A8FB-679E-111F-6585-8F70E0EE6013}
	EndGlobalSection
EndGlobal
